
Microsoft Visual Studio Solution File, Format Version 12.00
# Visual Studio Version 16
VisualStudioVersion = 16.0.31402.337
MinimumVisualStudioVersion = 10.0.40219.1
Project("{FAE04EC0-301F-11D3-BF4B-00C04F79EFBC}") = "Zadacha_algoritm", "Zadacha_algoritm\Zadacha_algoritm.csproj", "{07555FB6-9F62-49D8-A283-DD6990DEA549}"
EndProject
Global
	GlobalSection(SolutionConfigurationPlatforms) = preSolution
		Debug|Any CPU = Debug|Any CPU
		Release|Any CPU = Release|Any CPU
	EndGlobalSection
	GlobalSection(ProjectConfigurationPlatforms) = postSolution
		{07555FB6-9F62-49D8-A283-DD6990DEA549}.Debug|Any CPU.ActiveCfg = Debug|Any CPU
		{07555FB6-9F62-49D8-A283-DD6990DEA549}.Debug|Any CPU.Build.0 = Debug|Any CPU
		{07555FB6-9F62-49D8-A283-DD6990DEA549}.Release|Any CPU.ActiveCfg = Release|Any CPU
		{07555FB6-9F62-49D8-A283-DD6990DEA549}.Release|Any CPU.Build.0 = Release|Any CPU
	EndGlobalSection
	GlobalSection(SolutionProperties) = preSolution
		HideSolutionNode = FALSE
	EndGlobalSection
	GlobalSection(ExtensibilityGlobals) = postSolution
		SolutionGuid = {67B01FBE-273C-4066-B58A-03BC91524C91}
	EndGlobalSection
EndGlobal
